
Microsoft Visual Studio Solution File, Format Version 12.00
# Visual Studio Version 17
VisualStudioVersion = 17.7.34003.232
MinimumVisualStudioVersion = 10.0.40219.1
Project("{9A19103F-16F7-4668-BE54-9A1E7A4F7556}") = "SampleDotNetOTEL.ProxyService", "SampleDotNetOTEL.ProxyService\SampleDotNetOTEL.ProxyService.csproj", "{A75B4622-09CB-45A8-9242-25693B454878}"
EndProject
Project("{9A19103F-16F7-4668-BE54-9A1E7A4F7556}") = "SampleDotNetOTEL.BusinessService", "SampleDotNetOTEL.BusinessService\SampleDotNetOTEL.BusinessService.csproj", "{9D696FF2-BA89-4B1A-9AF0-C96DC8E2C3DE}"
EndProject
Global
	GlobalSection(SolutionConfigurationPlatforms) = preSolution
		Debug|Any CPU = Debug|Any CPU
		Release|Any CPU = Release|Any CPU
	EndGlobalSection
	GlobalSection(ProjectConfigurationPlatforms) = postSolution
		{A75B4622-09CB-45A8-9242-25693B454878}.Debug|Any CPU.ActiveCfg = Debug|Any CPU
		{A75B4622-09CB-45A8-9242-25693B454878}.Debug|Any CPU.Build.0 = Debug|Any CPU
		{A75B4622-09CB-45A8-9242-25693B454878}.Release|Any CPU.ActiveCfg = Release|Any CPU
		{A75B4622-09CB-45A8-9242-25693B454878}.Release|Any CPU.Build.0 = Release|Any CPU
		{9D696FF2-BA89-4B1A-9AF0-C96DC8E2C3DE}.Debug|Any CPU.ActiveCfg = Debug|Any CPU
		{9D696FF2-BA89-4B1A-9AF0-C96DC8E2C3DE}.Debug|Any CPU.Build.0 = Debug|Any CPU
		{9D696FF2-BA89-4B1A-9AF0-C96DC8E2C3DE}.Release|Any CPU.ActiveCfg = Release|Any CPU
		{9D696FF2-BA89-4B1A-9AF0-C96DC8E2C3DE}.Release|Any CPU.Build.0 = Release|Any CPU
	EndGlobalSection
	GlobalSection(SolutionProperties) = preSolution
		HideSolutionNode = FALSE
	EndGlobalSection
EndGlobal
